<?xml version="1.0" encoding="utf-8"?>
<Project ToolsVersion="17.0" xmlns="http://schemas.microsoft.com/developer/msbuild/2003">
  <ItemGroup>
    <ClCompile Include="D:\source\repos\FileSorterProject\build_release\FileSorterProject_autogen\mocs_compilation_Debug.cpp">
      <Filter>Source Files</Filter>
    </ClCompile>
    <ClCompile Include="D:\source\repos\FileSorterProject\src\Block.cpp">
      <Filter>Source Files</Filter>
    </ClCompile>
    <ClCompile Include="D:\source\repos\FileSorterProject\src\BlockErrorDetector.cpp">
      <Filter>Source Files</Filter>
    </ClCompile>
    <ClCompile Include="D:\source\repos\FileSorterProject\src\Classifier.cpp">
      <Filter>Source Files</Filter>
    </ClCompile>
    <ClCompile Include="D:\source\repos\FileSorterProject\src\FileManager.cpp">
      <Filter>Source Files</Filter>
    </ClCompile>
    <ClCompile Include="D:\source\repos\FileSorterProject\src\JsonManager.cpp">
      <Filter>Source Files</Filter>
    </ClCompile>
    <ClCompile Include="D:\source\repos\FileSorterProject\src\Ui\BlockWidget.cpp">
      <Filter>Source Files</Filter>
    </ClCompile>
    <ClCompile Include="D:\source\repos\FileSorterProject\src\Ui\CanvasWidget.cpp">
      <Filter>Source Files</Filter>
    </ClCompile>
    <ClCompile Include="D:\source\repos\FileSorterProject\src\Ui\HelpPage.cpp">
      <Filter>Source Files</Filter>
    </ClCompile>
    <ClCompile Include="D:\source\repos\FileSorterProject\src\Ui\LogPage.cpp">
      <Filter>Source Files</Filter>
    </ClCompile>
    <ClCompile Include="D:\source\repos\FileSorterProject\src\Ui\RootBlockArea.cpp">
      <Filter>Source Files</Filter>
    </ClCompile>
    <ClCompile Include="D:\source\repos\FileSorterProject\src\Ui\TestBlockPage.cpp">
      <Filter>Source Files</Filter>
    </ClCompile>
    <ClCompile Include="D:\source\repos\FileSorterProject\src\Ui\filedropwidget.cpp">
      <Filter>Source Files</Filter>
    </ClCompile>
    <ClCompile Include="D:\source\repos\FileSorterProject\src\Ui\mainwindow.cpp">
      <Filter>Source Files</Filter>
    </ClCompile>
    <ClCompile Include="D:\source\repos\FileSorterProject\src\main.cpp">
      <Filter>Source Files</Filter>
    </ClCompile>
    <ClCompile Include="D:\source\repos\FileSorterProject\build_release\FileSorterProject_autogen\mocs_compilation_Release.cpp">
      <Filter>Source Files</Filter>
    </ClCompile>
    <ClCompile Include="D:\source\repos\FileSorterProject\build_release\FileSorterProject_autogen\mocs_compilation_MinSizeRel.cpp">
      <Filter>Source Files</Filter>
    </ClCompile>
    <ClCompile Include="D:\source\repos\FileSorterProject\build_release\FileSorterProject_autogen\mocs_compilation_RelWithDebInfo.cpp">
      <Filter>Source Files</Filter>
    </ClCompile>
  </ItemGroup>
  <ItemGroup>
    <ClInclude Include="D:\source\repos\FileSorterProject\include\Block.h">
      <Filter>Header Files</Filter>
    </ClInclude>
    <ClInclude Include="D:\source\repos\FileSorterProject\include\BlockErrorDetector.h">
      <Filter>Header Files</Filter>
    </ClInclude>
    <ClInclude Include="D:\source\repos\FileSorterProject\include\BlockUtils.h">
      <Filter>Header Files</Filter>
    </ClInclude>
    <ClInclude Include="D:\source\repos\FileSorterProject\include\Classifier.h">
      <Filter>Header Files</Filter>
    </ClInclude>
    <ClInclude Include="D:\source\repos\FileSorterProject\include\FileInfo.h">
      <Filter>Header Files</Filter>
    </ClInclude>
    <ClInclude Include="D:\source\repos\FileSorterProject\include\FileManager.h">
      <Filter>Header Files</Filter>
    </ClInclude>
    <ClInclude Include="D:\source\repos\FileSorterProject\include\JsonManager.h">
      <Filter>Header Files</Filter>
    </ClInclude>
    <ClInclude Include="D:\source\repos\FileSorterProject\include\Ui\BlockWidget.h">
      <Filter>Header Files</Filter>
    </ClInclude>
    <ClInclude Include="D:\source\repos\FileSorterProject\include\Ui\CanvasWidget.h">
      <Filter>Header Files</Filter>
    </ClInclude>
    <ClInclude Include="D:\source\repos\FileSorterProject\include\Ui\HelpPage.h">
      <Filter>Header Files</Filter>
    </ClInclude>
    <ClInclude Include="D:\source\repos\FileSorterProject\include\Ui\LogPage.h">
      <Filter>Header Files</Filter>
    </ClInclude>
    <ClInclude Include="D:\source\repos\FileSorterProject\include\Ui\RootBlockArea.h">
      <Filter>Header Files</Filter>
    </ClInclude>
    <ClInclude Include="D:\source\repos\FileSorterProject\include\Ui\TestBlockPage.h">
      <Filter>Header Files</Filter>
    </ClInclude>
    <ClInclude Include="D:\source\repos\FileSorterProject\include\Ui\UIConstants.h">
      <Filter>Header Files</Filter>
    </ClInclude>
    <ClInclude Include="D:\source\repos\FileSorterProject\include\Ui\filedropwidget.h">
      <Filter>Header Files</Filter>
    </ClInclude>
    <ClInclude Include="D:\source\repos\FileSorterProject\include\Ui\mainwindow.h">
      <Filter>Header Files</Filter>
    </ClInclude>
    <ClInclude Include="D:\source\repos\FileSorterProject\include\styles\StyleSheet.h">
      <Filter>Header Files</Filter>
    </ClInclude>
  </ItemGroup>
  <ItemGroup>
    <CustomBuild Include="D:\source\repos\FileSorterProject\CMakeLists.txt" />
  </ItemGroup>
  <ItemGroup>
    <Filter Include="Header Files">
      <UniqueIdentifier>{8A5C8373-2A2F-3205-8127-8D3408AC9217}</UniqueIdentifier>
    </Filter>
    <Filter Include="Source Files">
      <UniqueIdentifier>{1791E1F8-5B2C-31FC-AC70-56E382A9A8BD}</UniqueIdentifier>
    </Filter>
  </ItemGroup>
</Project>
